speakeasyVersion: 1.660.0
sources:
    LaunchDarkly REST API:
        sourceNamespace: launchdarkly-rest-api
        sourceRevisionDigest: sha256:1868673c9276536f547b28da2d496ef29e98642910836bdb4aac97a8a7407bb8
        sourceBlobDigest: sha256:629c41ee8c6344e7a1122e74c9fd56d8cdf0581428e1baf659cb3812c1ac871a
        tags:
            - latest
            - speakeasy-sdk-regen-1752106275
            - "2.0"
targets:
    launchdarkly-mcp-server:
        source: LaunchDarkly REST API
        sourceNamespace: launchdarkly-rest-api
        sourceRevisionDigest: sha256:1868673c9276536f547b28da2d496ef29e98642910836bdb4aac97a8a7407bb8
        sourceBlobDigest: sha256:629c41ee8c6344e7a1122e74c9fd56d8cdf0581428e1baf659cb3812c1ac871a
        codeSamplesNamespace: launchdarkly-rest-api-typescript-code-samples
        codeSamplesRevisionDigest: sha256:d045745a29901b30ce4b472c33e85c5ae0906fe4ef4a54be182f1b218ce44c45
workflow:
    workflowVersion: 1.0.0
    speakeasyVersion: 1.580.0
    sources:
        LaunchDarkly REST API:
            inputs:
                - location: ./schemas/openapi.json
            overlays:
                - location: ./schemas/mcp-enable-tools.yaml
                - location: ./schemas/suggestions.yaml
            output: ./schemas/output.json
            registry:
                location: registry.speakeasyapi.dev/launchdarkly/mcp/launchdarkly-rest-api
    targets:
        launchdarkly-mcp-server:
            target: typescript
            source: LaunchDarkly REST API
            publish:
                npm:
                    token: $npm_token
            codeSamples:
                registry:
                    location: registry.speakeasyapi.dev/launchdarkly/mcp/launchdarkly-rest-api-typescript-code-samples
                labelOverride:
                    fixedValue: Typescript (SDK)
                blocking: false
